
Microsoft Visual Studio Solution File, Format Version 12.00
# Visual Studio Version 17
VisualStudioVersion = 17.3.32819.101
MinimumVisualStudioVersion = 10.0.40219.1
Project("{FAE04EC0-301F-11D3-BF4B-00C04F79EFBC}") = "asp.net demos", "asp.net demos\asp.net demos.csproj", "{A2D09EFF-AA79-4571-8CC7-EE210C6D3BCC}"
EndProject
Global
	GlobalSection(SolutionConfigurationPlatforms) = preSolution
		Debug|Any CPU = Debug|Any CPU
		Release|Any CPU = Release|Any CPU
	EndGlobalSection
	GlobalSection(ProjectConfigurationPlatforms) = postSolution
		{A2D09EFF-AA79-4571-8CC7-EE210C6D3BCC}.Debug|Any CPU.ActiveCfg = Debug|Any CPU
		{A2D09EFF-AA79-4571-8CC7-EE210C6D3BCC}.Debug|Any CPU.Build.0 = Debug|Any CPU
		{A2D09EFF-AA79-4571-8CC7-EE210C6D3BCC}.Release|Any CPU.ActiveCfg = Release|Any CPU
		{A2D09EFF-AA79-4571-8CC7-EE210C6D3BCC}.Release|Any CPU.Build.0 = Release|Any CPU
	EndGlobalSection
	GlobalSection(SolutionProperties) = preSolution
		HideSolutionNode = FALSE
	EndGlobalSection
	GlobalSection(ExtensibilityGlobals) = postSolution
		SolutionGuid = {D3C4E799-3AAE-47C8-861A-C5417A0CAA4B}
	EndGlobalSection
EndGlobal
